
Microsoft Visual Studio Solution File, Format Version 12.00
# Visual Studio Version 17
VisualStudioVersion = 17.8.34322.80
MinimumVisualStudioVersion = 10.0.40219.1
Project("{FAE04EC0-301F-11D3-BF4B-00C04F79EFBC}") = "MagicVilla_API", "MagicVilla_API\MagicVilla_API.csproj", "{FC39D38D-7D28-4F35-B7A5-A56F5E587960}"
EndProject
Global
	GlobalSection(SolutionConfigurationPlatforms) = preSolution
		Debug|Any CPU = Debug|Any CPU
		Release|Any CPU = Release|Any CPU
	EndGlobalSection
	GlobalSection(ProjectConfigurationPlatforms) = postSolution
		{FC39D38D-7D28-4F35-B7A5-A56F5E587960}.Debug|Any CPU.ActiveCfg = Debug|Any CPU
		{FC39D38D-7D28-4F35-B7A5-A56F5E587960}.Debug|Any CPU.Build.0 = Debug|Any CPU
		{FC39D38D-7D28-4F35-B7A5-A56F5E587960}.Release|Any CPU.ActiveCfg = Release|Any CPU
		{FC39D38D-7D28-4F35-B7A5-A56F5E587960}.Release|Any CPU.Build.0 = Release|Any CPU
	EndGlobalSection
	GlobalSection(SolutionProperties) = preSolution
		HideSolutionNode = FALSE
	EndGlobalSection
	GlobalSection(ExtensibilityGlobals) = postSolution
		SolutionGuid = {BBAA65B8-46F7-4D2E-B482-99EA21693F36}
	EndGlobalSection
EndGlobal
